
Microsoft Visual Studio Solution File, Format Version 12.00
# Visual Studio Version 17
VisualStudioVersion = 17.14.36310.24 d17.14
MinimumVisualStudioVersion = 10.0.40219.1
Project("{FAE04EC0-301F-11D3-BF4B-00C04F79EFBC}") = "UserService.Domain", "UserService.Domain\UserService.Domain.csproj", "{460CDE22-5754-4BCD-BB1B-EF55516F69B8}"
EndProject
Project("{FAE04EC0-301F-11D3-BF4B-00C04F79EFBC}") = "UserService.Application", "UserService.Application\UserService.Application.csproj", "{61354EAF-65B9-4D5F-9ACA-990AEE93366C}"
EndProject
Project("{FAE04EC0-301F-11D3-BF4B-00C04F79EFBC}") = "UserService.Infrastructure", "UserService.Infrastructure\UserService.Infrastructure.csproj", "{BB0D7890-B90B-442A-B433-96E979301800}"
EndProject
Project("{FAE04EC0-301F-11D3-BF4B-00C04F79EFBC}") = "UserService.API", "UserService.API\UserService.API.csproj", "{C9D722B2-A037-4D26-8401-31D8072F16F1}"
EndProject
Global
	GlobalSection(SolutionConfigurationPlatforms) = preSolution
		Debug|Any CPU = Debug|Any CPU
		Release|Any CPU = Release|Any CPU
	EndGlobalSection
	GlobalSection(ProjectConfigurationPlatforms) = postSolution
		{460CDE22-5754-4BCD-BB1B-EF55516F69B8}.Debug|Any CPU.ActiveCfg = Debug|Any CPU
		{460CDE22-5754-4BCD-BB1B-EF55516F69B8}.Debug|Any CPU.Build.0 = Debug|Any CPU
		{460CDE22-5754-4BCD-BB1B-EF55516F69B8}.Release|Any CPU.ActiveCfg = Release|Any CPU
		{460CDE22-5754-4BCD-BB1B-EF55516F69B8}.Release|Any CPU.Build.0 = Release|Any CPU
		{61354EAF-65B9-4D5F-9ACA-990AEE93366C}.Debug|Any CPU.ActiveCfg = Debug|Any CPU
		{61354EAF-65B9-4D5F-9ACA-990AEE93366C}.Debug|Any CPU.Build.0 = Debug|Any CPU
		{61354EAF-65B9-4D5F-9ACA-990AEE93366C}.Release|Any CPU.ActiveCfg = Release|Any CPU
		{61354EAF-65B9-4D5F-9ACA-990AEE93366C}.Release|Any CPU.Build.0 = Release|Any CPU
		{BB0D7890-B90B-442A-B433-96E979301800}.Debug|Any CPU.ActiveCfg = Debug|Any CPU
		{BB0D7890-B90B-442A-B433-96E979301800}.Debug|Any CPU.Build.0 = Debug|Any CPU
		{BB0D7890-B90B-442A-B433-96E979301800}.Release|Any CPU.ActiveCfg = Release|Any CPU
		{BB0D7890-B90B-442A-B433-96E979301800}.Release|Any CPU.Build.0 = Release|Any CPU
		{C9D722B2-A037-4D26-8401-31D8072F16F1}.Debug|Any CPU.ActiveCfg = Debug|Any CPU
		{C9D722B2-A037-4D26-8401-31D8072F16F1}.Debug|Any CPU.Build.0 = Debug|Any CPU
		{C9D722B2-A037-4D26-8401-31D8072F16F1}.Release|Any CPU.ActiveCfg = Release|Any CPU
		{C9D722B2-A037-4D26-8401-31D8072F16F1}.Release|Any CPU.Build.0 = Release|Any CPU
	EndGlobalSection
	GlobalSection(SolutionProperties) = preSolution
		HideSolutionNode = FALSE
	EndGlobalSection
	GlobalSection(ExtensibilityGlobals) = postSolution
		SolutionGuid = {7B4B66B2-D466-483F-A848-0811ED5E2552}
	EndGlobalSection
EndGlobal
